
Microsoft Visual Studio Solution File, Format Version 12.00
# Visual Studio Version 16
VisualStudioVersion = 16.0.31702.278
MinimumVisualStudioVersion = 10.0.40219.1
Project("{8BC9CEB8-8B4A-11D0-8D11-00A0C91BC942}") = "2021.09.19", "2021.09.19\2021.09.19.vcxproj", "{526A54C0-4330-426F-82A5-C448BB05E448}"
EndProject
Global
	GlobalSection(SolutionConfigurationPlatforms) = preSolution
		Debug|x64 = Debug|x64
		Debug|x86 = Debug|x86
		Release|x64 = Release|x64
		Release|x86 = Release|x86
	EndGlobalSection
	GlobalSection(ProjectConfigurationPlatforms) = postSolution
		{526A54C0-4330-426F-82A5-C448BB05E448}.Debug|x64.ActiveCfg = Debug|x64
		{526A54C0-4330-426F-82A5-C448BB05E448}.Debug|x64.Build.0 = Debug|x64
		{526A54C0-4330-426F-82A5-C448BB05E448}.Debug|x86.ActiveCfg = Debug|Win32
		{526A54C0-4330-426F-82A5-C448BB05E448}.Debug|x86.Build.0 = Debug|Win32
		{526A54C0-4330-426F-82A5-C448BB05E448}.Release|x64.ActiveCfg = Release|x64
		{526A54C0-4330-426F-82A5-C448BB05E448}.Release|x64.Build.0 = Release|x64
		{526A54C0-4330-426F-82A5-C448BB05E448}.Release|x86.ActiveCfg = Release|Win32
		{526A54C0-4330-426F-82A5-C448BB05E448}.Release|x86.Build.0 = Release|Win32
	EndGlobalSection
	GlobalSection(SolutionProperties) = preSolution
		HideSolutionNode = FALSE
	EndGlobalSection
	GlobalSection(ExtensibilityGlobals) = postSolution
		SolutionGuid = {BEF1CD8A-099D-4E31-80AA-2FC8BDC2808B}
	EndGlobalSection
EndGlobal
